// !$*UTF8*$!
{
	archiveVersion = 1;
	classes = {
	};
	objectVersion = 46;
	objects = {

/* Begin PBXBuildFile section */
		2663F00CCDF94C3488A5452C /* libPods-Sketch DevTools Assistant.a in Frameworks */ = {isa = PBXBuildFile; fileRef = 4250E675247648569DCF6D30 /* libPods-Sketch DevTools Assistant.a */; };
		553C9F8619E56FE3001C5989 /* main.m in Sources */ = {isa = PBXBuildFile; fileRef = 553C9F8519E56FE3001C5989 /* main.m */; };
		553C9F8919E56FE3001C5989 /* AppDelegate.m in Sources */ = {isa = PBXBuildFile; fileRef = 553C9F8819E56FE3001C5989 /* AppDelegate.m */; };
		553C9F8B19E56FE3001C5989 /* Images.xcassets in Resources */ = {isa = PBXBuildFile; fileRef = 553C9F8A19E56FE3001C5989 /* Images.xcassets */; };
		553C9F8E19E56FE3001C5989 /* MainMenu.xib in Resources */ = {isa = PBXBuildFile; fileRef = 553C9F8C19E56FE3001C5989 /* MainMenu.xib */; };
		553C9F9A19E56FE4001C5989 /* Sketch_DevTools_AssistantTests.m in Sources */ = {isa = PBXBuildFile; fileRef = 553C9F9919E56FE4001C5989 /* Sketch_DevTools_AssistantTests.m */; };
		553C9FA519E576E5001C5989 /* SDTProtocolHandler.m in Sources */ = {isa = PBXBuildFile; fileRef = 553C9FA419E576E5001C5989 /* SDTProtocolHandler.m */; };
		553C9FA719E57784001C5989 /* app.png in Resources */ = {isa = PBXBuildFile; fileRef = 553C9FA619E57784001C5989 /* app.png */; };
		553C9FA919E582DF001C5989 /* CocoaScript.framework in Frameworks */ = {isa = PBXBuildFile; fileRef = 553C9FA819E582DF001C5989 /* CocoaScript.framework */; };
		553C9FB019E6335F001C5989 /* CocoaScript.framework in CopyFiles */ = {isa = PBXBuildFile; fileRef = 553C9FA819E582DF001C5989 /* CocoaScript.framework */; settings = {ATTRIBUTES = (CodeSignOnCopy, RemoveHeadersOnCopy, ); }; };
		553C9FB819E649FA001C5989 /* SDTScriptableAction.m in Sources */ = {isa = PBXBuildFile; fileRef = 553C9FB719E649FA001C5989 /* SDTScriptableAction.m */; };
		553C9FBB19E66F16001C5989 /* SDTActionsController.m in Sources */ = {isa = PBXBuildFile; fileRef = 553C9FBA19E66F16001C5989 /* SDTActionsController.m */; };
		55CE243919EB96FA00D620EC /* Constants.m in Sources */ = {isa = PBXBuildFile; fileRef = 55CE243819EB96FA00D620EC /* Constants.m */; };
/* End PBXBuildFile section */

/* Begin PBXContainerItemProxy section */
		553C9F9419E56FE4001C5989 /* PBXContainerItemProxy */ = {
			isa = PBXContainerItemProxy;
			containerPortal = 553C9F7819E56FE3001C5989 /* Project object */;
			proxyType = 1;
			remoteGlobalIDString = 553C9F7F19E56FE3001C5989;
			remoteInfo = "Sketch DevTools Assistant";
		};
/* End PBXContainerItemProxy section */

/* Begin PBXCopyFilesBuildPhase section */
		553C9FAD19E58DF0001C5989 /* CopyFiles */ = {
			isa = PBXCopyFilesBuildPhase;
			buildActionMask = 2147483647;
			dstPath = "";
			dstSubfolderSpec = 10;
			files = (
				553C9FB019E6335F001C5989 /* CocoaScript.framework in CopyFiles */,
			);
			runOnlyForDeploymentPostprocessing = 0;
		};
/* End PBXCopyFilesBuildPhase section */

/* Begin PBXFileReference section */
		4250E675247648569DCF6D30 /* libPods-Sketch DevTools Assistant.a */ = {isa = PBXFileReference; explicitFileType = archive.ar; includeInIndex = 0; path = "libPods-Sketch DevTools Assistant.a"; sourceTree = BUILT_PRODUCTS_DIR; };
		553C9F8019E56FE3001C5989 /* Sketch DevTools Assistant.app */ = {isa = PBXFileReference; explicitFileType = wrapper.application; includeInIndex = 0; path = "Sketch DevTools Assistant.app"; sourceTree = BUILT_PRODUCTS_DIR; };
		553C9F8419E56FE3001C5989 /* Info.plist */ = {isa = PBXFileReference; lastKnownFileType = text.plist.xml; path = Info.plist; sourceTree = "<group>"; };
		553C9F8519E56FE3001C5989 /* main.m */ = {isa = PBXFileReference; lastKnownFileType = sourcecode.c.objc; path = main.m; sourceTree = "<group>"; };
		553C9F8719E56FE3001C5989 /* AppDelegate.h */ = {isa = PBXFileReference; lastKnownFileType = sourcecode.c.h; path = AppDelegate.h; sourceTree = "<group>"; };
		553C9F8819E56FE3001C5989 /* AppDelegate.m */ = {isa = PBXFileReference; lastKnownFileType = sourcecode.c.objc; path = AppDelegate.m; sourceTree = "<group>"; };
		553C9F8A19E56FE3001C5989 /* Images.xcassets */ = {isa = PBXFileReference; lastKnownFileType = folder.assetcatalog; path = Images.xcassets; sourceTree = "<group>"; };
		553C9F8D19E56FE3001C5989 /* Base */ = {isa = PBXFileReference; lastKnownFileType = file.xib; name = Base; path = Base.lproj/MainMenu.xib; sourceTree = "<group>"; };
		553C9F9319E56FE4001C5989 /* Sketch DevTools AssistantTests.xctest */ = {isa = PBXFileReference; explicitFileType = wrapper.cfbundle; includeInIndex = 0; path = "Sketch DevTools AssistantTests.xctest"; sourceTree = BUILT_PRODUCTS_DIR; };
		553C9F9819E56FE4001C5989 /* Info.plist */ = {isa = PBXFileReference; lastKnownFileType = text.plist.xml; path = Info.plist; sourceTree = "<group>"; };
		553C9F9919E56FE4001C5989 /* Sketch_DevTools_AssistantTests.m */ = {isa = PBXFileReference; lastKnownFileType = sourcecode.c.objc; path = Sketch_DevTools_AssistantTests.m; sourceTree = "<group>"; };
		553C9FA319E576E5001C5989 /* SDTProtocolHandler.h */ = {isa = PBXFileReference; fileEncoding = 4; lastKnownFileType = sourcecode.c.h; path = SDTProtocolHandler.h; sourceTree = "<group>"; };
		553C9FA419E576E5001C5989 /* SDTProtocolHandler.m */ = {isa = PBXFileReference; fileEncoding = 4; lastKnownFileType = sourcecode.c.objc; path = SDTProtocolHandler.m; sourceTree = "<group>"; };
		553C9FA619E57784001C5989 /* app.png */ = {isa = PBXFileReference; lastKnownFileType = image.png; name = app.png; path = ../app.png; sourceTree = "<group>"; };
		553C9FA819E582DF001C5989 /* CocoaScript.framework */ = {isa = PBXFileReference; lastKnownFileType = wrapper.framework; path = CocoaScript.framework; sourceTree = "<group>"; };
		553C9FB619E649FA001C5989 /* SDTScriptableAction.h */ = {isa = PBXFileReference; fileEncoding = 4; lastKnownFileType = sourcecode.c.h; path = SDTScriptableAction.h; sourceTree = "<group>"; };
		553C9FB719E649FA001C5989 /* SDTScriptableAction.m */ = {isa = PBXFileReference; fileEncoding = 4; lastKnownFileType = sourcecode.c.objc; path = SDTScriptableAction.m; sourceTree = "<group>"; };
		553C9FB919E66F16001C5989 /* SDTActionsController.h */ = {isa = PBXFileReference; fileEncoding = 4; lastKnownFileType = sourcecode.c.h; path = SDTActionsController.h; sourceTree = "<group>"; };
		553C9FBA19E66F16001C5989 /* SDTActionsController.m */ = {isa = PBXFileReference; fileEncoding = 4; lastKnownFileType = sourcecode.c.objc; path = SDTActionsController.m; sourceTree = "<group>"; };
		55CE243719EB96FA00D620EC /* Constants.h */ = {isa = PBXFileReference; fileEncoding = 4; lastKnownFileType = sourcecode.c.h; path = Constants.h; sourceTree = "<group>"; };
		55CE243819EB96FA00D620EC /* Constants.m */ = {isa = PBXFileReference; fileEncoding = 4; lastKnownFileType = sourcecode.c.objc; path = Constants.m; sourceTree = "<group>"; };
		583E8CC6465B490EBBC24679 /* Pods-Sketch DevTools Assistant.xcconfig */ = {isa = PBXFileReference; includeInIndex = 1; lastKnownFileType = text.xcconfig; name = "Pods-Sketch DevTools Assistant.xcconfig"; path = "Pods/Pods-Sketch DevTools Assistant.xcconfig"; sourceTree = "<group>"; };
/* End PBXFileReference section */

/* Begin PBXFrameworksBuildPhase section */
		553C9F7D19E56FE3001C5989 /* Frameworks */ = {
			isa = PBXFrameworksBuildPhase;
			buildActionMask = 2147483647;
			files = (
				2663F00CCDF94C3488A5452C /* libPods-Sketch DevTools Assistant.a in Frameworks */,
				553C9FA919E582DF001C5989 /* CocoaScript.framework in Frameworks */,
			);
			runOnlyForDeploymentPostprocessing = 0;
		};
		553C9F9019E56FE4001C5989 /* Frameworks */ = {
			isa = PBXFrameworksBuildPhase;
			buildActionMask = 2147483647;
			files = (
			);
			runOnlyForDeploymentPostprocessing = 0;
		};
/* End PBXFrameworksBuildPhase section */

/* Begin PBXGroup section */
		198D17F5A0504EFEA07F49F4 /* Frameworks */ = {
			isa = PBXGroup;
			children = (
				553C9FA819E582DF001C5989 /* CocoaScript.framework */,
				4250E675247648569DCF6D30 /* libPods-Sketch DevTools Assistant.a */,
			);
			name = Frameworks;
			sourceTree = "<group>";
		};
		553C9F7719E56FE3001C5989 = {
			isa = PBXGroup;
			children = (
				553C9F8219E56FE3001C5989 /* Sketch DevTools Assistant */,
				553C9F9619E56FE4001C5989 /* Sketch DevTools AssistantTests */,
				553C9F8119E56FE3001C5989 /* Products */,
				583E8CC6465B490EBBC24679 /* Pods-Sketch DevTools Assistant.xcconfig */,
				198D17F5A0504EFEA07F49F4 /* Frameworks */,
			);
			sourceTree = "<group>";
		};
		553C9F8119E56FE3001C5989 /* Products */ = {
			isa = PBXGroup;
			children = (
				553C9F8019E56FE3001C5989 /* Sketch DevTools Assistant.app */,
				553C9F9319E56FE4001C5989 /* Sketch DevTools AssistantTests.xctest */,
			);
			name = Products;
			sourceTree = "<group>";
		};
		553C9F8219E56FE3001C5989 /* Sketch DevTools Assistant */ = {
			isa = PBXGroup;
			children = (
				553C9FA319E576E5001C5989 /* SDTProtocolHandler.h */,
				553C9FA419E576E5001C5989 /* SDTProtocolHandler.m */,
				553C9F8719E56FE3001C5989 /* AppDelegate.h */,
				553C9F8819E56FE3001C5989 /* AppDelegate.m */,
				553C9F8A19E56FE3001C5989 /* Images.xcassets */,
				553C9F8C19E56FE3001C5989 /* MainMenu.xib */,
				553C9F8319E56FE3001C5989 /* Supporting Files */,
				553C9FB619E649FA001C5989 /* SDTScriptableAction.h */,
				553C9FB719E649FA001C5989 /* SDTScriptableAction.m */,
				553C9FB919E66F16001C5989 /* SDTActionsController.h */,
				553C9FBA19E66F16001C5989 /* SDTActionsController.m */,
				55CE243719EB96FA00D620EC /* Constants.h */,
				55CE243819EB96FA00D620EC /* Constants.m */,
			);
			path = "Sketch DevTools Assistant";
			sourceTree = "<group>";
		};
		553C9F8319E56FE3001C5989 /* Supporting Files */ = {
			isa = PBXGroup;
			children = (
				553C9F8419E56FE3001C5989 /* Info.plist */,
				553C9FA619E57784001C5989 /* app.png */,
				553C9F8519E56FE3001C5989 /* main.m */,
			);
			name = "Supporting Files";
			sourceTree = "<group>";
		};
		553C9F9619E56FE4001C5989 /* Sketch DevTools AssistantTests */ = {
			isa = PBXGroup;
			children = (
				553C9F9919E56FE4001C5989 /* Sketch_DevTools_AssistantTests.m */,
				553C9F9719E56FE4001C5989 /* Supporting Files */,
			);
			path = "Sketch DevTools AssistantTests";
			sourceTree = "<group>";
		};
		553C9F9719E56FE4001C5989 /* Supporting Files */ = {
			isa = PBXGroup;
			children = (
				553C9F9819E56FE4001C5989 /* Info.plist */,
			);
			name = "Supporting Files";
			sourceTree = "<group>";
		};
/* End PBXGroup section */

/* Begin PBXNativeTarget section */
		553C9F7F19E56FE3001C5989 /* Sketch DevTools Assistant */ = {
			isa = PBXNativeTarget;
			buildConfigurationList = 553C9F9D19E56FE4001C5989 /* Build configuration list for PBXNativeTarget "Sketch DevTools Assistant" */;
			buildPhases = (
				257C44E5E87B49F2B84610D4 /* Check Pods Manifest.lock */,
				553C9F7C19E56FE3001C5989 /* Sources */,
				553C9F7D19E56FE3001C5989 /* Frameworks */,
				553C9F7E19E56FE3001C5989 /* Resources */,
				46CDDF5498FB474D8C28F59F /* Copy Pods Resources */,
				553C9FAD19E58DF0001C5989 /* CopyFiles */,
			);
			buildRules = (
			);
			dependencies = (
			);
			name = "Sketch DevTools Assistant";
			productName = "Sketch DevTools Assistant";
			productReference = 553C9F8019E56FE3001C5989 /* Sketch DevTools Assistant.app */;
			productType = "com.apple.product-type.application";
		};
		553C9F9219E56FE4001C5989 /* Sketch DevTools AssistantTests */ = {
			isa = PBXNativeTarget;
			buildConfigurationList = 553C9FA019E56FE4001C5989 /* Build configuration list for PBXNativeTarget "Sketch DevTools AssistantTests" */;
			buildPhases = (
				553C9F8F19E56FE4001C5989 /* Sources */,
				553C9F9019E56FE4001C5989 /* Frameworks */,
				553C9F9119E56FE4001C5989 /* Resources */,
			);
			buildRules = (
			);
			dependencies = (
				553C9F9519E56FE4001C5989 /* PBXTargetDependency */,
			);
			name = "Sketch DevTools AssistantTests";
			productName = "Sketch DevTools AssistantTests";
			productReference = 553C9F9319E56FE4001C5989 /* Sketch DevTools AssistantTests.xctest */;
			productType = "com.apple.product-type.bundle.unit-test";
		};
/* End PBXNativeTarget section */

/* Begin PBXProject section */
		553C9F7819E56FE3001C5989 /* Project object */ = {
			isa = PBXProject;
			attributes = {
				LastUpgradeCheck = 0600;
				ORGANIZATIONNAME = Turbobabr;
				TargetAttributes = {
					553C9F7F19E56FE3001C5989 = {
						CreatedOnToolsVersion = 6.0.1;
					};
					553C9F9219E56FE4001C5989 = {
						CreatedOnToolsVersion = 6.0.1;
						TestTargetID = 553C9F7F19E56FE3001C5989;
					};
				};
			};
			buildConfigurationList = 553C9F7B19E56FE3001C5989 /* Build configuration list for PBXProject "Sketch DevTools Assistant" */;
			compatibilityVersion = "Xcode 3.2";
			developmentRegion = English;
			hasScannedForEncodings = 0;
			knownRegions = (
				en,
				Base,
			);
			mainGroup = 553C9F7719E56FE3001C5989;
			productRefGroup = 553C9F8119E56FE3001C5989 /* Products */;
			projectDirPath = "";
			projectRoot = "";
			targets = (
				553C9F7F19E56FE3001C5989 /* Sketch DevTools Assistant */,
				553C9F9219E56FE4001C5989 /* Sketch DevTools AssistantTests */,
			);
		};
/* End PBXProject section */

/* Begin PBXResourcesBuildPhase section */
		553C9F7E19E56FE3001C5989 /* Resources */ = {
			isa = PBXResourcesBuildPhase;
			buildActionMask = 2147483647;
			files = (
				553C9FA719E57784001C5989 /* app.png in Resources */,
				553C9F8B19E56FE3001C5989 /* Images.xcassets in Resources */,
				553C9F8E19E56FE3001C5989 /* MainMenu.xib in Resources */,
			);
			runOnlyForDeploymentPostprocessing = 0;
		};
		553C9F9119E56FE4001C5989 /* Resources */ = {
			isa = PBXResourcesBuildPhase;
			buildActionMask = 2147483647;
			files = (
			);
			runOnlyForDeploymentPostprocessing = 0;
		};
/* End PBXResourcesBuildPhase section */

/* Begin PBXShellScriptBuildPhase section */
		257C44E5E87B49F2B84610D4 /* Check Pods Manifest.lock */ = {
			isa = PBXShellScriptBuildPhase;
			buildActionMask = 2147483647;
			files = (
			);
			inputPaths = (
			);
			name = "Check Pods Manifest.lock";
			outputPaths = (
			);
			runOnlyForDeploymentPostprocessing = 0;
			shellPath = /bin/sh;
			shellScript = "diff \"${PODS_ROOT}/../Podfile.lock\" \"${PODS_ROOT}/Manifest.lock\" > /dev/null\nif [[ $? != 0 ]] ; then\n    cat << EOM\nerror: The sandbox is not in sync with the Podfile.lock. Run 'pod install' or update your CocoaPods installation.\nEOM\n    exit 1\nfi\n";
			showEnvVarsInLog = 0;
		};
		46CDDF5498FB474D8C28F59F /* Copy Pods Resources */ = {
			isa = PBXShellScriptBuildPhase;
			buildActionMask = 2147483647;
			files = (
			);
			inputPaths = (
			);
			name = "Copy Pods Resources";
			outputPaths = (
			);
			runOnlyForDeploymentPostprocessing = 0;
			shellPath = /bin/sh;
			shellScript = "\"${SRCROOT}/Pods/Pods-Sketch DevTools Assistant-resources.sh\"\n";
			showEnvVarsInLog = 0;
		};
/* End PBXShellScriptBuildPhase section */

/* Begin PBXSourcesBuildPhase section */
		553C9F7C19E56FE3001C5989 /* Sources */ = {
			isa = PBXSourcesBuildPhase;
			buildActionMask = 2147483647;
			files = (
				553C9FB819E649FA001C5989 /* SDTScriptableAction.m in Sources */,
				553C9F8919E56FE3001C5989 /* AppDelegate.m in Sources */,
				553C9FA519E576E5001C5989 /* SDTProtocolHandler.m in Sources */,
				553C9F8619E56FE3001C5989 /* main.m in Sources */,
				55CE243919EB96FA00D620EC /* Constants.m in Sources */,
				553C9FBB19E66F16001C5989 /* SDTActionsController.m in Sources */,
			);
			runOnlyForDeploymentPostprocessing = 0;
		};
		553C9F8F19E56FE4001C5989 /* Sources */ = {
			isa = PBXSourcesBuildPhase;
			buildActionMask = 2147483647;
			files = (
				553C9F9A19E56FE4001C5989 /* Sketch_DevTools_AssistantTests.m in Sources */,
			);
			runOnlyForDeploymentPostprocessing = 0;
		};
/* End PBXSourcesBuildPhase section */

/* Begin PBXTargetDependency section */
		553C9F9519E56FE4001C5989 /* PBXTargetDependency */ = {
			isa = PBXTargetDependency;
			target = 553C9F7F19E56FE3001C5989 /* Sketch DevTools Assistant */;
			targetProxy = 553C9F9419E56FE4001C5989 /* PBXContainerItemProxy */;
		};
/* End PBXTargetDependency section */

/* Begin PBXVariantGroup section */
		553C9F8C19E56FE3001C5989 /* MainMenu.xib */ = {
			isa = PBXVariantGroup;
			children = (
				553C9F8D19E56FE3001C5989 /* Base */,
			);
			name = MainMenu.xib;
			sourceTree = "<group>";
		};
/* End PBXVariantGroup section */

/* Begin XCBuildConfiguration section */
		553C9F9B19E56FE4001C5989 /* Debug */ = {
			isa = XCBuildConfiguration;
			buildSettings = {
				ALWAYS_SEARCH_USER_PATHS = NO;
				CLANG_CXX_LANGUAGE_STANDARD = "gnu++0x";
				CLANG_CXX_LIBRARY = "libc++";
				CLANG_ENABLE_MODULES = YES;
				CLANG_ENABLE_OBJC_ARC = YES;
				CLANG_WARN_BOOL_CONVERSION = YES;
				CLANG_WARN_CONSTANT_CONVERSION = YES;
				CLANG_WARN_DIRECT_OBJC_ISA_USAGE = YES_ERROR;
				CLANG_WARN_EMPTY_BODY = YES;
				CLANG_WARN_ENUM_CONVERSION = YES;
				CLANG_WARN_INT_CONVERSION = YES;
				CLANG_WARN_OBJC_ROOT_CLASS = YES_ERROR;
				CLANG_WARN_UNREACHABLE_CODE = YES;
				CLANG_WARN__DUPLICATE_METHOD_MATCH = YES;
				CODE_SIGN_IDENTITY = "-";
				COPY_PHASE_STRIP = NO;
				ENABLE_STRICT_OBJC_MSGSEND = YES;
				GCC_C_LANGUAGE_STANDARD = gnu99;
				GCC_DYNAMIC_NO_PIC = NO;
				GCC_OPTIMIZATION_LEVEL = 0;
				GCC_PREPROCESSOR_DEFINITIONS = (
					"DEBUG=1",
					"$(inherited)",
				);
				GCC_SYMBOLS_PRIVATE_EXTERN = NO;
				GCC_WARN_64_TO_32_BIT_CONVERSION = YES;
				GCC_WARN_ABOUT_RETURN_TYPE = YES_ERROR;
				GCC_WARN_UNDECLARED_SELECTOR = YES;
				GCC_WARN_UNINITIALIZED_AUTOS = YES_AGGRESSIVE;
				GCC_WARN_UNUSED_FUNCTION = YES;
				GCC_WARN_UNUSED_VARIABLE = YES;
				MACOSX_DEPLOYMENT_TARGET = 10.9;
				MTL_ENABLE_DEBUG_INFO = YES;
				ONLY_ACTIVE_ARCH = YES;
				SDKROOT = macosx;
			};
			name = Debug;
		};
		553C9F9C19E56FE4001C5989 /* Release */ = {
			isa = XCBuildConfiguration;
			buildSettings = {
				ALWAYS_SEARCH_USER_PATHS = NO;
				CLANG_CXX_LANGUAGE_STANDARD = "gnu++0x";
				CLANG_CXX_LIBRARY = "libc++";
				CLANG_ENABLE_MODULES = YES;
				CLANG_ENABLE_OBJC_ARC = YES;
				CLANG_WARN_BOOL_CONVERSION = YES;
				CLANG_WARN_CONSTANT_CONVERSION = YES;
				CLANG_WARN_DIRECT_OBJC_ISA_USAGE = YES_ERROR;
				CLANG_WARN_EMPTY_BODY = YES;
				CLANG_WARN_ENUM_CONVERSION = YES;
				CLANG_WARN_INT_CONVERSION = YES;
				CLANG_WARN_OBJC_ROOT_CLASS = YES_ERROR;
				CLANG_WARN_UNREACHABLE_CODE = YES;
				CLANG_WARN__DUPLICATE_METHOD_MATCH = YES;
				CODE_SIGN_IDENTITY = "-";
				COPY_PHASE_STRIP = YES;
				DEBUG_INFORMATION_FORMAT = "dwarf-with-dsym";
				ENABLE_NS_ASSERTIONS = NO;
				ENABLE_STRICT_OBJC_MSGSEND = YES;
				GCC_C_LANGUAGE_STANDARD = gnu99;
				GCC_WARN_64_TO_32_BIT_CONVERSION = YES;
				GCC_WARN_ABOUT_RETURN_TYPE = YES_ERROR;
				GCC_WARN_UNDECLARED_SELECTOR = YES;
				GCC_WARN_UNINITIALIZED_AUTOS = YES_AGGRESSIVE;
				GCC_WARN_UNUSED_FUNCTION = YES;
				GCC_WARN_UNUSED_VARIABLE = YES;
				MACOSX_DEPLOYMENT_TARGET = 10.9;
				MTL_ENABLE_DEBUG_INFO = NO;
				SDKROOT = macosx;
			};
			name = Release;
		};
		553C9F9E19E56FE4001C5989 /* Debug */ = {
			isa = XCBuildConfiguration;
			baseConfigurationReference = 583E8CC6465B490EBBC24679 /* Pods-Sketch DevTools Assistant.xcconfig */;
			buildSettings = {
				ASSETCATALOG_COMPILER_APPICON_NAME = AppIcon;
				COMBINE_HIDPI_IMAGES = YES;
				FRAMEWORK_SEARCH_PATHS = (
					"$(inherited)",
					"$(PROJECT_DIR)",
				);
				INFOPLIST_FILE = "Sketch DevTools Assistant/Info.plist";
				LD_RUNPATH_SEARCH_PATHS = "$(inherited) @executable_path/../Frameworks";
				PRODUCT_NAME = "$(TARGET_NAME)";
			};
			name = Debug;
		};
		553C9F9F19E56FE4001C5989 /* Release */ = {
			isa = XCBuildConfiguration;
			baseConfigurationReference = 583E8CC6465B490EBBC24679 /* Pods-Sketch DevTools Assistant.xcconfig */;
			buildSettings = {
				ASSETCATALOG_COMPILER_APPICON_NAME = AppIcon;
				COMBINE_HIDPI_IMAGES = YES;
				FRAMEWORK_SEARCH_PATHS = (
					"$(inherited)",
					"$(PROJECT_DIR)",
				);
				INFOPLIST_FILE = "Sketch DevTools Assistant/Info.plist";
				LD_RUNPATH_SEARCH_PATHS = "$(inherited) @executable_path/../Frameworks";
				PRODUCT_NAME = "$(TARGET_NAME)";
			};
			name = Release;
		};
		553C9FA119E56FE4001C5989 /* Debug */ = {
			isa = XCBuildConfiguration;
			buildSettings = {
				BUNDLE_LOADER = "$(TEST_HOST)";
				COMBINE_HIDPI_IMAGES = YES;
				FRAMEWORK_SEARCH_PATHS = (
					"$(DEVELOPER_FRAMEWORKS_DIR)",
					"$(inherited)",
				);
				GCC_PREPROCESSOR_DEFINITIONS = (
					"DEBUG=1",
					"$(inherited)",
				);
				INFOPLIST_FILE = "Sketch DevTools AssistantTests/Info.plist";
				LD_RUNPATH_SEARCH_PATHS = "$(inherited) @executable_path/../Frameworks @loader_path/../Frameworks";
				PRODUCT_NAME = "$(TARGET_NAME)";
				TEST_HOST = "$(BUILT_PRODUCTS_DIR)/Sketch DevTools Assistant.app/Contents/MacOS/Sketch DevTools Assistant";
			};
			name = Debug;
		};
		553C9FA219E56FE4001C5989 /* Release */ = {
			isa = XCBuildConfiguration;
			buildSettings = {
				BUNDLE_LOADER = "$(TEST_HOST)";
				COMBINE_HIDPI_IMAGES = YES;
				FRAMEWORK_SEARCH_PATHS = (
					"$(DEVELOPER_FRAMEWORKS_DIR)",
					"$(inherited)",
				);
				INFOPLIST_FILE = "Sketch DevTools AssistantTests/Info.plist";
				LD_RUNPATH_SEARCH_PATHS = "$(inherited) @executable_path/../Frameworks @loader_path/../Frameworks";
				PRODUCT_NAME = "$(TARGET_NAME)";
				TEST_HOST = "$(BUILT_PRODUCTS_DIR)/Sketch DevTools Assistant.app/Contents/MacOS/Sketch DevTools Assistant";
			};
			name = Release;
		};
/* End XCBuildConfiguration section */

/* Begin XCConfigurationList section */
		553C9F7B19E56FE3001C5989 /* Build configuration list for PBXProject "Sketch DevTools Assistant" */ = {
			isa = XCConfigurationList;
			buildConfigurations = (
				553C9F9B19E56FE4001C5989 /* Debug */,
				553C9F9C19E56FE4001C5989 /* Release */,
			);
			defaultConfigurationIsVisible = 0;
			defaultConfigurationName = Release;
		};
		553C9F9D19E56FE4001C5989 /* Build configuration list for PBXNativeTarget "Sketch DevTools Assistant" */ = {
			isa = XCConfigurationList;
			buildConfigurations = (
				553C9F9E19E56FE4001C5989 /* Debug */,
				553C9F9F19E56FE4001C5989 /* Release */,
			);
			defaultConfigurationIsVisible = 0;
			defaultConfigurationName = Release;
		};
		553C9FA019E56FE4001C5989 /* Build configuration list for PBXNativeTarget "Sketch DevTools AssistantTests" */ = {
			isa = XCConfigurationList;
			buildConfigurations = (
				553C9FA119E56FE4001C5989 /* Debug */,
				553C9FA219E56FE4001C5989 /* Release */,
			);
			defaultConfigurationIsVisible = 0;
			defaultConfigurationName = Release;
		};
/* End XCConfigurationList section */
	};
	rootObject = 553C9F7819E56FE3001C5989 /* Project object */;
}
